
Microsoft Visual Studio Solution File, Format Version 12.00
# Visual Studio Version 17
VisualStudioVersion = 17.13.36105.23 d17.13
MinimumVisualStudioVersion = 10.0.40219.1
Project("{FAE04EC0-301F-11D3-BF4B-00C04F79EFBC}") = "FilmZone", "FilmZone.csproj", "{F5E9EB5A-51DC-4E19-8BE6-97CE9AB6A198}"
EndProject
Global
	GlobalSection(SolutionConfigurationPlatforms) = preSolution
		Debug|Any CPU = Debug|Any CPU
		Release|Any CPU = Release|Any CPU
	EndGlobalSection
	GlobalSection(ProjectConfigurationPlatforms) = postSolution
		{F5E9EB5A-51DC-4E19-8BE6-97CE9AB6A198}.Debug|Any CPU.ActiveCfg = Debug|Any CPU
		{F5E9EB5A-51DC-4E19-8BE6-97CE9AB6A198}.Debug|Any CPU.Build.0 = Debug|Any CPU
		{F5E9EB5A-51DC-4E19-8BE6-97CE9AB6A198}.Release|Any CPU.ActiveCfg = Release|Any CPU
		{F5E9EB5A-51DC-4E19-8BE6-97CE9AB6A198}.Release|Any CPU.Build.0 = Release|Any CPU
	EndGlobalSection
	GlobalSection(SolutionProperties) = preSolution
		HideSolutionNode = FALSE
	EndGlobalSection
	GlobalSection(ExtensibilityGlobals) = postSolution
		SolutionGuid = {29F323E7-2B42-4BE3-8519-A5B2D3D9F6EA}
	EndGlobalSection
EndGlobal
